{
  "name": "clog",
  "version": "1.0.0-rc3",
  "dependencies": {
    "balanced-match": {
      "version": "0.3.0",
      "from": "balanced-match@>=0.3.0 <0.4.0",
      "resolved": "https://registry.npmjs.org/balanced-match/-/balanced-match-0.3.0.tgz"
    },
    "brace-expansion": {
      "version": "1.1.3",
      "from": "brace-expansion@>=1.0.0 <2.0.0",
      "resolved": "https://registry.npmjs.org/brace-expansion/-/brace-expansion-1.1.3.tgz"
    },
    "clog-analysis": {
      "version": "2.0.0",
      "from": "clog-analysis@>=2.0.0 <3.0.0",
      "resolved": "https://registry.npmjs.org/clog-analysis/-/clog-analysis-2.0.0.tgz"
    },
    "coffee-script": {
      "version": "1.10.0",
      "from": "coffee-script@>=1.10.0 <2.0.0",
      "resolved": "https://registry.npmjs.org/coffee-script/-/coffee-script-1.10.0.tgz"
    },
    "coffeelint": {
      "version": "1.14.2",
      "from": "coffeelint@>=1.13.0 <2.0.0",
      "resolved": "https://registry.npmjs.org/coffeelint/-/coffeelint-1.14.2.tgz",
      "dependencies": {
        "glob": {
          "version": "4.5.3",
          "from": "glob@>=4.0.0 <5.0.0",
          "resolved": "https://registry.npmjs.org/glob/-/glob-4.5.3.tgz"
        }
      }
    },
    "coffeelint-no-long-functions": {
      "version": "1.0.1",
      "from": "git://github.com/mdiebolt/coffeelint-no-long-functions.git",
      "resolved": "git://github.com/mdiebolt/coffeelint-no-long-functions.git#83c6317430041ddd335a82a68fb31b7431c7685d"
    },
    "concat-map": {
      "version": "0.0.1",
      "from": "concat-map@0.0.1",
      "resolved": "https://registry.npmjs.org/concat-map/-/concat-map-0.0.1.tgz"
    },
    "glob": {
      "version": "5.0.15",
      "from": "glob@>=5.0.15 <6.0.0",
      "resolved": "https://registry.npmjs.org/glob/-/glob-5.0.15.tgz"
    },
    "ignore": {
      "version": "2.2.19",
      "from": "ignore@>=2.2.15 <3.0.0",
      "resolved": "https://registry.npmjs.org/ignore/-/ignore-2.2.19.tgz"
    },
    "inflight": {
      "version": "1.0.4",
      "from": "inflight@>=1.0.4 <2.0.0",
      "resolved": "https://registry.npmjs.org/inflight/-/inflight-1.0.4.tgz"
    },
    "inherits": {
      "version": "2.0.1",
      "from": "inherits@>=2.0.0 <3.0.0",
      "resolved": "http://registry.npmjs.org/inherits/-/inherits-2.0.1.tgz"
    },
    "minimatch": {
      "version": "2.0.10",
      "from": "minimatch@>=2.0.1 <3.0.0",
      "resolved": "https://registry.npmjs.org/minimatch/-/minimatch-2.0.10.tgz"
    },
    "minimist": {
      "version": "1.2.0",
      "from": "minimist@>=1.2.0 <2.0.0",
      "resolved": "https://registry.npmjs.org/minimist/-/minimist-1.2.0.tgz"
    },
    "once": {
      "version": "1.3.3",
      "from": "once@>=1.3.0 <2.0.0",
      "resolved": "https://registry.npmjs.org/once/-/once-1.3.3.tgz"
    },
    "optimist": {
      "version": "0.6.1",
      "from": "optimist@>=0.6.1 <0.7.0",
      "resolved": "https://registry.npmjs.org/optimist/-/optimist-0.6.1.tgz",
      "dependencies": {
        "minimist": {
          "version": "0.0.10",
          "from": "minimist@>=0.0.1 <0.1.0",
          "resolved": "https://registry.npmjs.org/minimist/-/minimist-0.0.10.tgz"
        }
      }
    },
    "path-is-absolute": {
      "version": "1.0.0",
      "from": "path-is-absolute@>=1.0.0 <2.0.0",
      "resolved": "https://registry.npmjs.org/path-is-absolute/-/path-is-absolute-1.0.0.tgz"
    },
    "resolve": {
      "version": "0.6.3",
      "from": "resolve@>=0.6.3 <0.7.0",
      "resolved": "https://registry.npmjs.org/resolve/-/resolve-0.6.3.tgz"
    },
    "strip-json-comments": {
      "version": "1.0.4",
      "from": "strip-json-comments@>=1.0.2 <2.0.0",
      "resolved": "https://registry.npmjs.org/strip-json-comments/-/strip-json-comments-1.0.4.tgz"
    },
    "wordwrap": {
      "version": "0.0.3",
      "from": "wordwrap@>=0.0.2 <0.1.0",
      "resolved": "https://registry.npmjs.org/wordwrap/-/wordwrap-0.0.3.tgz"
    },
    "wrappy": {
      "version": "1.0.1",
      "from": "wrappy@>=1.0.0 <2.0.0",
      "resolved": "https://registry.npmjs.org/wrappy/-/wrappy-1.0.1.tgz"
    }
  }
}
